{
    "_readme": [
        "This file locks the dependencies of your project to a known state",
        "Read more about it at https://getcomposer.org/doc/01-basic-usage.md#installing-dependencies",
        "This file is @generated automatically"
    ],
    "content-hash": "02f6dc94977df1504bbc7d75b770735e",
    "packages": [
        {
            "name": "franciscoblancojn/wordpress_utils",
            "version": "v1.0.1",
            "source": {
                "type": "git",
                "url": "https://github.com/franciscoblancojn/wordpress_utils.git",
                "reference": "f957b3b6147a3ecd985b58bc527e25c96ad50e6f"
            },
            "dist": {
                "type": "zip",
                "url": "https://api.github.com/repos/franciscoblancojn/wordpress_utils/zipball/f957b3b6147a3ecd985b58bc527e25c96ad50e6f",
                "reference": "f957b3b6147a3ecd985b58bc527e25c96ad50e6f",
                "shasum": ""
            },
            "type": "library",
            "autoload": {
                "psr-4": {
                    "franciscoblancojn\\wordpress_utils\\": "src/"
                }
            },
            "notification-url": "https://packagist.org/downloads/",
            "license": [
                "MIT"
            ],
            "description": "Libreria que ofrece multiples funcionalidades",
            "support": {
                "issues": "https://github.com/franciscoblancojn/wordpress_utils/issues",
                "source": "https://github.com/franciscoblancojn/wordpress_utils/tree/v1.0.1"
            },
            "time": "2026-03-20T01:51:06+00:00"
        }
    ],
    "packages-dev": [],
    "aliases": [],
    "minimum-stability": "stable",
    "stability-flags": {},
    "prefer-stable": false,
    "prefer-lowest": false,
    "platform": {},
    "platform-dev": {},
    "plugin-api-version": "2.6.0"
}
